// !$*UTF8*$!
{
	archiveVersion = 1;
	classes = {
	};
	objectVersion = 51;
	objects = {

/* Begin PBXBuildFile section */
		7A1D277AA1B7DB2B74818742 /* Pods_iOSLive2DDemo.framework in Frameworks */ = {isa = PBXBuildFile; fileRef = ABD79E68F398A48645A3DED9 /* Pods_iOSLive2DDemo.framework */; };
		959FF45F25FC906300AB0924 /* AppDelegate.m in Sources */ = {isa = PBXBuildFile; fileRef = 959FF45E25FC906300AB0924 /* AppDelegate.m */; };
		959FF46525FC906300AB0924 /* ViewController.m in Sources */ = {isa = PBXBuildFile; fileRef = 959FF46425FC906300AB0924 /* ViewController.m */; };
		959FF46A25FC906500AB0924 /* Assets.xcassets in Resources */ = {isa = PBXBuildFile; fileRef = 959FF46925FC906500AB0924 /* Assets.xcassets */; };
		959FF46D25FC906500AB0924 /* LaunchScreen.storyboard in Resources */ = {isa = PBXBuildFile; fileRef = 959FF46B25FC906500AB0924 /* LaunchScreen.storyboard */; };
		959FF47025FC906500AB0924 /* main.m in Sources */ = {isa = PBXBuildFile; fileRef = 959FF46F25FC906500AB0924 /* main.m */; };
		959FF47E25FC918100AB0924 /* OpenGLLive2DViewController.m in Sources */ = {isa = PBXBuildFile; fileRef = 959FF47D25FC918100AB0924 /* OpenGLLive2DViewController.m */; };
		959FF48225FC919800AB0924 /* MetalLive2DViewController.m in Sources */ = {isa = PBXBuildFile; fileRef = 959FF48125FC919800AB0924 /* MetalLive2DViewController.m */; };
		959FF4E625FC93F900AB0924 /* CubismCdiJson.cpp in Sources */ = {isa = PBXBuildFile; fileRef = 959FF48925FC93F900AB0924 /* CubismCdiJson.cpp */; };
		959FF4E725FC93F900AB0924 /* CubismPose.cpp in Sources */ = {isa = PBXBuildFile; fileRef = 959FF48B25FC93F900AB0924 /* CubismPose.cpp */; };
		959FF4E825FC93F900AB0924 /* CubismEyeBlink.cpp in Sources */ = {isa = PBXBuildFile; fileRef = 959FF48C25FC93F900AB0924 /* CubismEyeBlink.cpp */; };
		959FF4E925FC93F900AB0924 /* CubismBreath.cpp in Sources */ = {isa = PBXBuildFile; fileRef = 959FF48D25FC93F900AB0924 /* CubismBreath.cpp */; };
		959FF4EA25FC93F900AB0924 /* CubismDefaultParameterId.cpp in Sources */ = {isa = PBXBuildFile; fileRef = 959FF49225FC93F900AB0924 /* CubismDefaultParameterId.cpp */; };
		959FF4EB25FC93F900AB0924 /* CubismFramework.cpp in Sources */ = {isa = PBXBuildFile; fileRef = 959FF49325FC93F900AB0924 /* CubismFramework.cpp */; };
		959FF4EC25FC93F900AB0924 /* CubismJson.cpp in Sources */ = {isa = PBXBuildFile; fileRef = 959FF49525FC93F900AB0924 /* CubismJson.cpp */; };
		959FF4ED25FC93F900AB0924 /* CubismString.cpp in Sources */ = {isa = PBXBuildFile; fileRef = 959FF49625FC93F900AB0924 /* CubismString.cpp */; };
		959FF4EE25FC93F900AB0924 /* CubismDebug.cpp in Sources */ = {isa = PBXBuildFile; fileRef = 959FF49925FC93F900AB0924 /* CubismDebug.cpp */; };
		959FF4EF25FC93F900AB0924 /* CubismModelSettingJson.cpp in Sources */ = {isa = PBXBuildFile; fileRef = 959FF49B25FC93F900AB0924 /* CubismModelSettingJson.cpp */; };
		959FF4F025FC93F900AB0924 /* ACubismMotion.cpp in Sources */ = {isa = PBXBuildFile; fileRef = 959FF4A025FC93F900AB0924 /* ACubismMotion.cpp */; };
		959FF4F125FC93F900AB0924 /* CubismMotion.cpp in Sources */ = {isa = PBXBuildFile; fileRef = 959FF4A125FC93F900AB0924 /* CubismMotion.cpp */; };
		959FF4F225FC93F900AB0924 /* CubismMotionManager.cpp in Sources */ = {isa = PBXBuildFile; fileRef = 959FF4A225FC93F900AB0924 /* CubismMotionManager.cpp */; };
		959FF4F325FC93F900AB0924 /* CubismMotionQueueManager.cpp in Sources */ = {isa = PBXBuildFile; fileRef = 959FF4A525FC93F900AB0924 /* CubismMotionQueueManager.cpp */; };
		959FF4F425FC93F900AB0924 /* CubismExpressionMotion.cpp in Sources */ = {isa = PBXBuildFile; fileRef = 959FF4AA25FC93F900AB0924 /* CubismExpressionMotion.cpp */; };
		959FF4F525FC93F900AB0924 /* CubismMotionJson.cpp in Sources */ = {isa = PBXBuildFile; fileRef = 959FF4AB25FC93F900AB0924 /* CubismMotionJson.cpp */; };
		959FF4F625FC93F900AB0924 /* CubismMotionQueueEntry.cpp in Sources */ = {isa = PBXBuildFile; fileRef = 959FF4AC25FC93F900AB0924 /* CubismMotionQueueEntry.cpp */; };
		959FF4F725FC93F900AB0924 /* CubismIdManager.cpp in Sources */ = {isa = PBXBuildFile; fileRef = 959FF4B125FC93F900AB0924 /* CubismIdManager.cpp */; };
		959FF4F825FC93F900AB0924 /* CubismId.cpp in Sources */ = {isa = PBXBuildFile; fileRef = 959FF4B225FC93F900AB0924 /* CubismId.cpp */; };
		959FF4F925FC93F900AB0924 /* CubismModelUserData.cpp in Sources */ = {isa = PBXBuildFile; fileRef = 959FF4B525FC93F900AB0924 /* CubismModelUserData.cpp */; };
		959FF4FA25FC93F900AB0924 /* CubismModelUserDataJson.cpp in Sources */ = {isa = PBXBuildFile; fileRef = 959FF4B625FC93F900AB0924 /* CubismModelUserDataJson.cpp */; };
		959FF4FB25FC93F900AB0924 /* CubismUserModel.cpp in Sources */ = {isa = PBXBuildFile; fileRef = 959FF4B725FC93F900AB0924 /* CubismUserModel.cpp */; };
		959FF4FC25FC93F900AB0924 /* CubismMoc.cpp in Sources */ = {isa = PBXBuildFile; fileRef = 959FF4B825FC93F900AB0924 /* CubismMoc.cpp */; };
		959FF4FD25FC93F900AB0924 /* CubismModel.cpp in Sources */ = {isa = PBXBuildFile; fileRef = 959FF4BC25FC93F900AB0924 /* CubismModel.cpp */; };
		959FF4FE25FC93F900AB0924 /* CubismPhysicsJson.cpp in Sources */ = {isa = PBXBuildFile; fileRef = 959FF4C325FC93F900AB0924 /* CubismPhysicsJson.cpp */; };
		959FF4FF25FC93F900AB0924 /* CubismPhysics.cpp in Sources */ = {isa = PBXBuildFile; fileRef = 959FF4C425FC93F900AB0924 /* CubismPhysics.cpp */; };
		959FF50025FC93F900AB0924 /* CubismModelMatrix.cpp in Sources */ = {isa = PBXBuildFile; fileRef = 959FF4C625FC93F900AB0924 /* CubismModelMatrix.cpp */; };
		959FF50125FC93F900AB0924 /* CubismViewMatrix.cpp in Sources */ = {isa = PBXBuildFile; fileRef = 959FF4C725FC93F900AB0924 /* CubismViewMatrix.cpp */; };
		959FF50225FC93F900AB0924 /* CubismVector2.cpp in Sources */ = {isa = PBXBuildFile; fileRef = 959FF4C925FC93F900AB0924 /* CubismVector2.cpp */; };
		959FF50325FC93F900AB0924 /* CubismTargetPoint.cpp in Sources */ = {isa = PBXBuildFile; fileRef = 959FF4CA25FC93F900AB0924 /* CubismTargetPoint.cpp */; };
		959FF50425FC93F900AB0924 /* CubismMath.cpp in Sources */ = {isa = PBXBuildFile; fileRef = 959FF4CC25FC93F900AB0924 /* CubismMath.cpp */; };
		959FF50525FC93F900AB0924 /* CubismMatrix44.cpp in Sources */ = {isa = PBXBuildFile; fileRef = 959FF4CF25FC93F900AB0924 /* CubismMatrix44.cpp */; };
		959FF50625FC93F900AB0924 /* csmString.cpp in Sources */ = {isa = PBXBuildFile; fileRef = 959FF4D925FC93F900AB0924 /* csmString.cpp */; };
		959FF50725FC93F900AB0924 /* csmRectF.cpp in Sources */ = {isa = PBXBuildFile; fileRef = 959FF4DB25FC93F900AB0924 /* csmRectF.cpp */; };
		959FF50825FC93F900AB0924 /* CubismRenderer.cpp in Sources */ = {isa = PBXBuildFile; fileRef = 959FF4DF25FC93F900AB0924 /* CubismRenderer.cpp */; };
		959FF50925FC93F900AB0924 /* CubismRenderer_OpenGLES2.cpp in Sources */ = {isa = PBXBuildFile; fileRef = 959FF4E225FC93F900AB0924 /* CubismRenderer_OpenGLES2.cpp */; };
		959FF50A25FC93F900AB0924 /* CubismOffscreenSurface_OpenGLES2.cpp in Sources */ = {isa = PBXBuildFile; fileRef = 959FF4E325FC93F900AB0924 /* CubismOffscreenSurface_OpenGLES2.cpp */; };
		959FF51225FC955A00AB0924 /* GLKit.framework in Frameworks */ = {isa = PBXBuildFile; fileRef = 959FF51125FC955A00AB0924 /* GLKit.framework */; };
		959FF51525FC956100AB0924 /* OpenGLES.framework in Frameworks */ = {isa = PBXBuildFile; fileRef = 959FF51425FC956100AB0924 /* OpenGLES.framework */; };
		959FF51D25FCEE7600AB0924 /* Live2DResources in Resources */ = {isa = PBXBuildFile; fileRef = 959FF51C25FCEE7600AB0924 /* Live2DResources */; };
		959FF52225FCEEA200AB0924 /* UIColor+Live2D.m in Sources */ = {isa = PBXBuildFile; fileRef = 959FF52125FCEEA200AB0924 /* UIColor+Live2D.m */; };
		959FF52625FCEEAE00AB0924 /* KGMetalLive2DView.m in Sources */ = {isa = PBXBuildFile; fileRef = 959FF52525FCEEAE00AB0924 /* KGMetalLive2DView.m */; };
		959FF53C25FCEEB600AB0924 /* mask.metal in Sources */ = {isa = PBXBuildFile; fileRef = 959FF52925FCEEB600AB0924 /* mask.metal */; };
		959FF53D25FCEEB600AB0924 /* basic.metal in Sources */ = {isa = PBXBuildFile; fileRef = 959FF52A25FCEEB600AB0924 /* basic.metal */; };
		959FF53E25FCEEB600AB0924 /* L2DUserModel.mm in Sources */ = {isa = PBXBuildFile; fileRef = 959FF52F25FCEEB600AB0924 /* L2DUserModel.mm */; };
		959FF53F25FCEEB600AB0924 /* L2DCubism.mm in Sources */ = {isa = PBXBuildFile; fileRef = 959FF53125FCEEB600AB0924 /* L2DCubism.mm */; };
		959FF54025FCEEB600AB0924 /* L2DModelDefine.mm in Sources */ = {isa = PBXBuildFile; fileRef = 959FF53525FCEEB600AB0924 /* L2DModelDefine.mm */; };
		959FF54125FCEEB600AB0924 /* MetalRender.m in Sources */ = {isa = PBXBuildFile; fileRef = 959FF53625FCEEB600AB0924 /* MetalRender.m */; };
		959FF54225FCEEB600AB0924 /* L2DAppDefine.mm in Sources */ = {isa = PBXBuildFile; fileRef = 959FF53725FCEEB600AB0924 /* L2DAppDefine.mm */; };
		959FF54325FCEEB700AB0924 /* RawArray.m in Sources */ = {isa = PBXBuildFile; fileRef = 959FF53A25FCEEB600AB0924 /* RawArray.m */; };
		959FF54425FCEEB700AB0924 /* MetalDrawable.m in Sources */ = {isa = PBXBuildFile; fileRef = 959FF53B25FCEEB600AB0924 /* MetalDrawable.m */; };
		959FF54925FCEF2B00AB0924 /* SBProductioEmotionExpression.m in Sources */ = {isa = PBXBuildFile; fileRef = 959FF54825FCEF2B00AB0924 /* SBProductioEmotionExpression.m */; };
		95CF11C325FCFD3E0004A988 /* SBL2DHelper.mm in Sources */ = {isa = PBXBuildFile; fileRef = 95CF11C225FCFD3E0004A988 /* SBL2DHelper.mm */; };
/* End PBXBuildFile section */

/* Begin PBXFileReference section */
		253391198FF3D86B94D1FB6F /* Pods-iOSLive2DDemo.release.xcconfig */ = {isa = PBXFileReference; includeInIndex = 1; lastKnownFileType = text.xcconfig; name = "Pods-iOSLive2DDemo.release.xcconfig"; path = "Target Support Files/Pods-iOSLive2DDemo/Pods-iOSLive2DDemo.release.xcconfig"; sourceTree = "<group>"; };
		8B723899A5CD03B23368EC0C /* Pods-iOSLive2DDemo.debug.xcconfig */ = {isa = PBXFileReference; includeInIndex = 1; lastKnownFileType = text.xcconfig; name = "Pods-iOSLive2DDemo.debug.xcconfig"; path = "Target Support Files/Pods-iOSLive2DDemo/Pods-iOSLive2DDemo.debug.xcconfig"; sourceTree = "<group>"; };
		959FF45A25FC906300AB0924 /* iOSLive2DDemo.app */ = {isa = PBXFileReference; explicitFileType = wrapper.application; includeInIndex = 0; path = iOSLive2DDemo.app; sourceTree = BUILT_PRODUCTS_DIR; };
		959FF45D25FC906300AB0924 /* AppDelegate.h */ = {isa = PBXFileReference; lastKnownFileType = sourcecode.c.h; path = AppDelegate.h; sourceTree = "<group>"; };
		959FF45E25FC906300AB0924 /* AppDelegate.m */ = {isa = PBXFileReference; lastKnownFileType = sourcecode.c.objc; path = AppDelegate.m; sourceTree = "<group>"; };
		959FF46325FC906300AB0924 /* ViewController.h */ = {isa = PBXFileReference; lastKnownFileType = sourcecode.c.h; path = ViewController.h; sourceTree = "<group>"; };
		959FF46425FC906300AB0924 /* ViewController.m */ = {isa = PBXFileReference; lastKnownFileType = sourcecode.c.objc; path = ViewController.m; sourceTree = "<group>"; };
		959FF46925FC906500AB0924 /* Assets.xcassets */ = {isa = PBXFileReference; lastKnownFileType = folder.assetcatalog; path = Assets.xcassets; sourceTree = "<group>"; };
		959FF46C25FC906500AB0924 /* Base */ = {isa = PBXFileReference; lastKnownFileType = file.storyboard; name = Base; path = Base.lproj/LaunchScreen.storyboard; sourceTree = "<group>"; };
		959FF46E25FC906500AB0924 /* Info.plist */ = {isa = PBXFileReference; lastKnownFileType = text.plist.xml; path = Info.plist; sourceTree = "<group>"; };
		959FF46F25FC906500AB0924 /* main.m */ = {isa = PBXFileReference; lastKnownFileType = sourcecode.c.objc; path = main.m; sourceTree = "<group>"; };
		959FF47C25FC918100AB0924 /* OpenGLLive2DViewController.h */ = {isa = PBXFileReference; lastKnownFileType = sourcecode.c.h; path = OpenGLLive2DViewController.h; sourceTree = "<group>"; };
		959FF47D25FC918100AB0924 /* OpenGLLive2DViewController.m */ = {isa = PBXFileReference; lastKnownFileType = sourcecode.c.objc; path = OpenGLLive2DViewController.m; sourceTree = "<group>"; };
		959FF48025FC919800AB0924 /* MetalLive2DViewController.h */ = {isa = PBXFileReference; lastKnownFileType = sourcecode.c.h; path = MetalLive2DViewController.h; sourceTree = "<group>"; };
		959FF48125FC919800AB0924 /* MetalLive2DViewController.m */ = {isa = PBXFileReference; lastKnownFileType = sourcecode.c.objc; path = MetalLive2DViewController.m; sourceTree = "<group>"; };
		959FF48925FC93F900AB0924 /* CubismCdiJson.cpp */ = {isa = PBXFileReference; fileEncoding = 4; lastKnownFileType = sourcecode.cpp.cpp; name = CubismCdiJson.cpp; path = Framework/src/CubismCdiJson.cpp; sourceTree = "<group>"; };
		959FF48B25FC93F900AB0924 /* CubismPose.cpp */ = {isa = PBXFileReference; fileEncoding = 4; lastKnownFileType = sourcecode.cpp.cpp; path = CubismPose.cpp; sourceTree = "<group>"; };
		959FF48C25FC93F900AB0924 /* CubismEyeBlink.cpp */ = {isa = PBXFileReference; fileEncoding = 4; lastKnownFileType = sourcecode.cpp.cpp; path = CubismEyeBlink.cpp; sourceTree = "<group>"; };
		959FF48D25FC93F900AB0924 /* CubismBreath.cpp */ = {isa = PBXFileReference; fileEncoding = 4; lastKnownFileType = sourcecode.cpp.cpp; path = CubismBreath.cpp; sourceTree = "<group>"; };
		959FF48E25FC93F900AB0924 /* CubismEyeBlink.hpp */ = {isa = PBXFileReference; fileEncoding = 4; lastKnownFileType = sourcecode.cpp.h; path = CubismEyeBlink.hpp; sourceTree = "<group>"; };
		959FF48F25FC93F900AB0924 /* CubismBreath.hpp */ = {isa = PBXFileReference; fileEncoding = 4; lastKnownFileType = sourcecode.cpp.h; path = CubismBreath.hpp; sourceTree = "<group>"; };
		959FF49025FC93F900AB0924 /* CubismPose.hpp */ = {isa = PBXFileReference; fileEncoding = 4; lastKnownFileType = sourcecode.cpp.h; path = CubismPose.hpp; sourceTree = "<group>"; };
		959FF49125FC93F900AB0924 /* CubismDefaultParameterId.hpp */ = {isa = PBXFileReference; fileEncoding = 4; lastKnownFileType = sourcecode.cpp.h; name = CubismDefaultParameterId.hpp; path = Framework/src/CubismDefaultParameterId.hpp; sourceTree = "<group>"; };
		959FF49225FC93F900AB0924 /* CubismDefaultParameterId.cpp */ = {isa = PBXFileReference; fileEncoding = 4; lastKnownFileType = sourcecode.cpp.cpp; name = CubismDefaultParameterId.cpp; path = Framework/src/CubismDefaultParameterId.cpp; sourceTree = "<group>"; };
		959FF49325FC93F900AB0924 /* CubismFramework.cpp */ = {isa = PBXFileReference; fileEncoding = 4; lastKnownFileType = sourcecode.cpp.cpp; name = CubismFramework.cpp; path = Framework/src/CubismFramework.cpp; sourceTree = "<group>"; };
		959FF49525FC93F900AB0924 /* CubismJson.cpp */ = {isa = PBXFileReference; fileEncoding = 4; lastKnownFileType = sourcecode.cpp.cpp; path = CubismJson.cpp; sourceTree = "<group>"; };
		959FF49625FC93F900AB0924 /* CubismString.cpp */ = {isa = PBXFileReference; fileEncoding = 4; lastKnownFileType = sourcecode.cpp.cpp; path = CubismString.cpp; sourceTree = "<group>"; };
		959FF49725FC93F900AB0924 /* CubismDebug.hpp */ = {isa = PBXFileReference; fileEncoding = 4; lastKnownFileType = sourcecode.cpp.h; path = CubismDebug.hpp; sourceTree = "<group>"; };
		959FF49825FC93F900AB0924 /* CubismString.hpp */ = {isa = PBXFileReference; fileEncoding = 4; lastKnownFileType = sourcecode.cpp.h; path = CubismString.hpp; sourceTree = "<group>"; };
		959FF49925FC93F900AB0924 /* CubismDebug.cpp */ = {isa = PBXFileReference; fileEncoding = 4; lastKnownFileType = sourcecode.cpp.cpp; path = CubismDebug.cpp; sourceTree = "<group>"; };
		959FF49A25FC93F900AB0924 /* CubismJson.hpp */ = {isa = PBXFileReference; fileEncoding = 4; lastKnownFileType = sourcecode.cpp.h; path = CubismJson.hpp; sourceTree = "<group>"; };
		959FF49B25FC93F900AB0924 /* CubismModelSettingJson.cpp */ = {isa = PBXFileReference; fileEncoding = 4; lastKnownFileType = sourcecode.cpp.cpp; name = CubismModelSettingJson.cpp; path = Framework/src/CubismModelSettingJson.cpp; sourceTree = "<group>"; };
		959FF49C25FC93F900AB0924 /* CubismCdiJson.hpp */ = {isa = PBXFileReference; fileEncoding = 4; lastKnownFileType = sourcecode.cpp.h; name = CubismCdiJson.hpp; path = Framework/src/CubismCdiJson.hpp; sourceTree = "<group>"; };
		959FF49E25FC93F900AB0924 /* CubismMotionQueueEntry.hpp */ = {isa = PBXFileReference; fileEncoding = 4; lastKnownFileType = sourcecode.cpp.h; path = CubismMotionQueueEntry.hpp; sourceTree = "<group>"; };
		959FF49F25FC93F900AB0924 /* CubismMotionQueueManager.hpp */ = {isa = PBXFileReference; fileEncoding = 4; lastKnownFileType = sourcecode.cpp.h; path = CubismMotionQueueManager.hpp; sourceTree = "<group>"; };
		959FF4A025FC93F900AB0924 /* ACubismMotion.cpp */ = {isa = PBXFileReference; fileEncoding = 4; lastKnownFileType = sourcecode.cpp.cpp; path = ACubismMotion.cpp; sourceTree = "<group>"; };
		959FF4A125FC93F900AB0924 /* CubismMotion.cpp */ = {isa = PBXFileReference; fileEncoding = 4; lastKnownFileType = sourcecode.cpp.cpp; path = CubismMotion.cpp; sourceTree = "<group>"; };
		959FF4A225FC93F900AB0924 /* CubismMotionManager.cpp */ = {isa = PBXFileReference; fileEncoding = 4; lastKnownFileType = sourcecode.cpp.cpp; path = CubismMotionManager.cpp; sourceTree = "<group>"; };
		959FF4A325FC93F900AB0924 /* CubismExpressionMotion.hpp */ = {isa = PBXFileReference; fileEncoding = 4; lastKnownFileType = sourcecode.cpp.h; path = CubismExpressionMotion.hpp; sourceTree = "<group>"; };
		959FF4A425FC93F900AB0924 /* CubismMotionJson.hpp */ = {isa = PBXFileReference; fileEncoding = 4; lastKnownFileType = sourcecode.cpp.h; path = CubismMotionJson.hpp; sourceTree = "<group>"; };
		959FF4A525FC93F900AB0924 /* CubismMotionQueueManager.cpp */ = {isa = PBXFileReference; fileEncoding = 4; lastKnownFileType = sourcecode.cpp.cpp; path = CubismMotionQueueManager.cpp; sourceTree = "<group>"; };
		959FF4A625FC93F900AB0924 /* CubismMotion.hpp */ = {isa = PBXFileReference; fileEncoding = 4; lastKnownFileType = sourcecode.cpp.h; path = CubismMotion.hpp; sourceTree = "<group>"; };
		959FF4A725FC93F900AB0924 /* ACubismMotion.hpp */ = {isa = PBXFileReference; fileEncoding = 4; lastKnownFileType = sourcecode.cpp.h; path = ACubismMotion.hpp; sourceTree = "<group>"; };
		959FF4A825FC93F900AB0924 /* CubismMotionInternal.hpp */ = {isa = PBXFileReference; fileEncoding = 4; lastKnownFileType = sourcecode.cpp.h; path = CubismMotionInternal.hpp; sourceTree = "<group>"; };
		959FF4A925FC93F900AB0924 /* CubismMotionManager.hpp */ = {isa = PBXFileReference; fileEncoding = 4; lastKnownFileType = sourcecode.cpp.h; path = CubismMotionManager.hpp; sourceTree = "<group>"; };
		959FF4AA25FC93F900AB0924 /* CubismExpressionMotion.cpp */ = {isa = PBXFileReference; fileEncoding = 4; lastKnownFileType = sourcecode.cpp.cpp; path = CubismExpressionMotion.cpp; sourceTree = "<group>"; };
		959FF4AB25FC93F900AB0924 /* CubismMotionJson.cpp */ = {isa = PBXFileReference; fileEncoding = 4; lastKnownFileType = sourcecode.cpp.cpp; path = CubismMotionJson.cpp; sourceTree = "<group>"; };
		959FF4AC25FC93F900AB0924 /* CubismMotionQueueEntry.cpp */ = {isa = PBXFileReference; fileEncoding = 4; lastKnownFileType = sourcecode.cpp.cpp; path = CubismMotionQueueEntry.cpp; sourceTree = "<group>"; };
		959FF4AD25FC93F900AB0924 /* ICubismModelSetting.hpp */ = {isa = PBXFileReference; fileEncoding = 4; lastKnownFileType = sourcecode.cpp.h; name = ICubismModelSetting.hpp; path = Framework/src/ICubismModelSetting.hpp; sourceTree = "<group>"; };
		959FF4AF25FC93F900AB0924 /* CubismIdManager.hpp */ = {isa = PBXFileReference; fileEncoding = 4; lastKnownFileType = sourcecode.cpp.h; path = CubismIdManager.hpp; sourceTree = "<group>"; };
		959FF4B025FC93F900AB0924 /* CubismId.hpp */ = {isa = PBXFileReference; fileEncoding = 4; lastKnownFileType = sourcecode.cpp.h; path = CubismId.hpp; sourceTree = "<group>"; };
		959FF4B125FC93F900AB0924 /* CubismIdManager.cpp */ = {isa = PBXFileReference; fileEncoding = 4; lastKnownFileType = sourcecode.cpp.cpp; path = CubismIdManager.cpp; sourceTree = "<group>"; };
		959FF4B225FC93F900AB0924 /* CubismId.cpp */ = {isa = PBXFileReference; fileEncoding = 4; lastKnownFileType = sourcecode.cpp.cpp; path = CubismId.cpp; sourceTree = "<group>"; };
		959FF4B325FC93F900AB0924 /* Live2DCubismCore.hpp */ = {isa = PBXFileReference; fileEncoding = 4; lastKnownFileType = sourcecode.cpp.h; name = Live2DCubismCore.hpp; path = Framework/src/Live2DCubismCore.hpp; sourceTree = "<group>"; };
		959FF4B525FC93F900AB0924 /* CubismModelUserData.cpp */ = {isa = PBXFileReference; fileEncoding = 4; lastKnownFileType = sourcecode.cpp.cpp; path = CubismModelUserData.cpp; sourceTree = "<group>"; };
		959FF4B625FC93F900AB0924 /* CubismModelUserDataJson.cpp */ = {isa = PBXFileReference; fileEncoding = 4; lastKnownFileType = sourcecode.cpp.cpp; path = CubismModelUserDataJson.cpp; sourceTree = "<group>"; };
		959FF4B725FC93F900AB0924 /* CubismUserModel.cpp */ = {isa = PBXFileReference; fileEncoding = 4; lastKnownFileType = sourcecode.cpp.cpp; path = CubismUserModel.cpp; sourceTree = "<group>"; };
		959FF4B825FC93F900AB0924 /* CubismMoc.cpp */ = {isa = PBXFileReference; fileEncoding = 4; lastKnownFileType = sourcecode.cpp.cpp; path = CubismMoc.cpp; sourceTree = "<group>"; };
		959FF4B925FC93F900AB0924 /* CubismModel.hpp */ = {isa = PBXFileReference; fileEncoding = 4; lastKnownFileType = sourcecode.cpp.h; path = CubismModel.hpp; sourceTree = "<group>"; };
		959FF4BA25FC93F900AB0924 /* CubismUserModel.hpp */ = {isa = PBXFileReference; fileEncoding = 4; lastKnownFileType = sourcecode.cpp.h; path = CubismUserModel.hpp; sourceTree = "<group>"; };
		959FF4BB25FC93F900AB0924 /* CubismMoc.hpp */ = {isa = PBXFileReference; fileEncoding = 4; lastKnownFileType = sourcecode.cpp.h; path = CubismMoc.hpp; sourceTree = "<group>"; };
		959FF4BC25FC93F900AB0924 /* CubismModel.cpp */ = {isa = PBXFileReference; fileEncoding = 4; lastKnownFileType = sourcecode.cpp.cpp; path = CubismModel.cpp; sourceTree = "<group>"; };
		959FF4BD25FC93F900AB0924 /* CubismModelUserData.hpp */ = {isa = PBXFileReference; fileEncoding = 4; lastKnownFileType = sourcecode.cpp.h; path = CubismModelUserData.hpp; sourceTree = "<group>"; };
		959FF4BE25FC93F900AB0924 /* CubismModelUserDataJson.hpp */ = {isa = PBXFileReference; fileEncoding = 4; lastKnownFileType = sourcecode.cpp.h; path = CubismModelUserDataJson.hpp; sourceTree = "<group>"; };
		959FF4C025FC93F900AB0924 /* CubismPhysics.hpp */ = {isa = PBXFileReference; fileEncoding = 4; lastKnownFileType = sourcecode.cpp.h; path = CubismPhysics.hpp; sourceTree = "<group>"; };
		959FF4C125FC93F900AB0924 /* CubismPhysicsInternal.hpp */ = {isa = PBXFileReference; fileEncoding = 4; lastKnownFileType = sourcecode.cpp.h; path = CubismPhysicsInternal.hpp; sourceTree = "<group>"; };
		959FF4C225FC93F900AB0924 /* CubismPhysicsJson.hpp */ = {isa = PBXFileReference; fileEncoding = 4; lastKnownFileType = sourcecode.cpp.h; path = CubismPhysicsJson.hpp; sourceTree = "<group>"; };
		959FF4C325FC93F900AB0924 /* CubismPhysicsJson.cpp */ = {isa = PBXFileReference; fileEncoding = 4; lastKnownFileType = sourcecode.cpp.cpp; path = CubismPhysicsJson.cpp; sourceTree = "<group>"; };
		959FF4C425FC93F900AB0924 /* CubismPhysics.cpp */ = {isa = PBXFileReference; fileEncoding = 4; lastKnownFileType = sourcecode.cpp.cpp; path = CubismPhysics.cpp; sourceTree = "<group>"; };
		959FF4C625FC93F900AB0924 /* CubismModelMatrix.cpp */ = {isa = PBXFileReference; fileEncoding = 4; lastKnownFileType = sourcecode.cpp.cpp; path = CubismModelMatrix.cpp; sourceTree = "<group>"; };
		959FF4C725FC93F900AB0924 /* CubismViewMatrix.cpp */ = {isa = PBXFileReference; fileEncoding = 4; lastKnownFileType = sourcecode.cpp.cpp; path = CubismViewMatrix.cpp; sourceTree = "<group>"; };
		959FF4C825FC93F900AB0924 /* CubismMath.hpp */ = {isa = PBXFileReference; fileEncoding = 4; lastKnownFileType = sourcecode.cpp.h; path = CubismMath.hpp; sourceTree = "<group>"; };
		959FF4C925FC93F900AB0924 /* CubismVector2.cpp */ = {isa = PBXFileReference; fileEncoding = 4; lastKnownFileType = sourcecode.cpp.cpp; path = CubismVector2.cpp; sourceTree = "<group>"; };
		959FF4CA25FC93F900AB0924 /* CubismTargetPoint.cpp */ = {isa = PBXFileReference; fileEncoding = 4; lastKnownFileType = sourcecode.cpp.cpp; path = CubismTargetPoint.cpp; sourceTree = "<group>"; };
		959FF4CB25FC93F900AB0924 /* CubismMatrix44.hpp */ = {isa = PBXFileReference; fileEncoding = 4; lastKnownFileType = sourcecode.cpp.h; path = CubismMatrix44.hpp; sourceTree = "<group>"; };
		959FF4CC25FC93F900AB0924 /* CubismMath.cpp */ = {isa = PBXFileReference; fileEncoding = 4; lastKnownFileType = sourcecode.cpp.cpp; path = CubismMath.cpp; sourceTree = "<group>"; };
		959FF4CD25FC93F900AB0924 /* CubismTargetPoint.hpp */ = {isa = PBXFileReference; fileEncoding = 4; lastKnownFileType = sourcecode.cpp.h; path = CubismTargetPoint.hpp; sourceTree = "<group>"; };
		959FF4CE25FC93F900AB0924 /* CubismVector2.hpp */ = {isa = PBXFileReference; fileEncoding = 4; lastKnownFileType = sourcecode.cpp.h; path = CubismVector2.hpp; sourceTree = "<group>"; };
		959FF4CF25FC93F900AB0924 /* CubismMatrix44.cpp */ = {isa = PBXFileReference; fileEncoding = 4; lastKnownFileType = sourcecode.cpp.cpp; path = CubismMatrix44.cpp; sourceTree = "<group>"; };
		959FF4D025FC93F900AB0924 /* CubismModelMatrix.hpp */ = {isa = PBXFileReference; fileEncoding = 4; lastKnownFileType = sourcecode.cpp.h; path = CubismModelMatrix.hpp; sourceTree = "<group>"; };
		959FF4D125FC93F900AB0924 /* CubismViewMatrix.hpp */ = {isa = PBXFileReference; fileEncoding = 4; lastKnownFileType = sourcecode.cpp.h; path = CubismViewMatrix.hpp; sourceTree = "<group>"; };
		959FF4D225FC93F900AB0924 /* CubismFrameworkConfig.hpp */ = {isa = PBXFileReference; fileEncoding = 4; lastKnownFileType = sourcecode.cpp.h; name = CubismFrameworkConfig.hpp; path = Framework/src/CubismFrameworkConfig.hpp; sourceTree = "<group>"; };
		959FF4D325FC93F900AB0924 /* ICubismAllocator.hpp */ = {isa = PBXFileReference; fileEncoding = 4; lastKnownFileType = sourcecode.cpp.h; name = ICubismAllocator.hpp; path = Framework/src/ICubismAllocator.hpp; sourceTree = "<group>"; };
		959FF4D425FC93F900AB0924 /* CubismFramework.hpp */ = {isa = PBXFileReference; fileEncoding = 4; lastKnownFileType = sourcecode.cpp.h; name = CubismFramework.hpp; path = Framework/src/CubismFramework.hpp; sourceTree = "<group>"; };
		959FF4D625FC93F900AB0924 /* csmRectF.hpp */ = {isa = PBXFileReference; fileEncoding = 4; lastKnownFileType = sourcecode.cpp.h; path = csmRectF.hpp; sourceTree = "<group>"; };
		959FF4D725FC93F900AB0924 /* csmString.hpp */ = {isa = PBXFileReference; fileEncoding = 4; lastKnownFileType = sourcecode.cpp.h; path = csmString.hpp; sourceTree = "<group>"; };
		959FF4D825FC93F900AB0924 /* CubismBasicType.hpp */ = {isa = PBXFileReference; fileEncoding = 4; lastKnownFileType = sourcecode.cpp.h; path = CubismBasicType.hpp; sourceTree = "<group>"; };
		959FF4D925FC93F900AB0924 /* csmString.cpp */ = {isa = PBXFileReference; fileEncoding = 4; lastKnownFileType = sourcecode.cpp.cpp; path = csmString.cpp; sourceTree = "<group>"; };
		959FF4DA25FC93F900AB0924 /* csmVector.hpp */ = {isa = PBXFileReference; fileEncoding = 4; lastKnownFileType = sourcecode.cpp.h; path = csmVector.hpp; sourceTree = "<group>"; };
		959FF4DB25FC93F900AB0924 /* csmRectF.cpp */ = {isa = PBXFileReference; fileEncoding = 4; lastKnownFileType = sourcecode.cpp.cpp; path = csmRectF.cpp; sourceTree = "<group>"; };
		959FF4DC25FC93F900AB0924 /* csmMap.hpp */ = {isa = PBXFileReference; fileEncoding = 4; lastKnownFileType = sourcecode.cpp.h; path = csmMap.hpp; sourceTree = "<group>"; };
		959FF4DE25FC93F900AB0924 /* CubismRenderer.hpp */ = {isa = PBXFileReference; fileEncoding = 4; lastKnownFileType = sourcecode.cpp.h; path = CubismRenderer.hpp; sourceTree = "<group>"; };
		959FF4DF25FC93F900AB0924 /* CubismRenderer.cpp */ = {isa = PBXFileReference; fileEncoding = 4; lastKnownFileType = sourcecode.cpp.cpp; path = CubismRenderer.cpp; sourceTree = "<group>"; };
		959FF4E125FC93F900AB0924 /* CubismOffscreenSurface_OpenGLES2.hpp */ = {isa = PBXFileReference; fileEncoding = 4; lastKnownFileType = sourcecode.cpp.h; path = CubismOffscreenSurface_OpenGLES2.hpp; sourceTree = "<group>"; };
		959FF4E225FC93F900AB0924 /* CubismRenderer_OpenGLES2.cpp */ = {isa = PBXFileReference; fileEncoding = 4; lastKnownFileType = sourcecode.cpp.cpp; path = CubismRenderer_OpenGLES2.cpp; sourceTree = "<group>"; };
		959FF4E325FC93F900AB0924 /* CubismOffscreenSurface_OpenGLES2.cpp */ = {isa = PBXFileReference; fileEncoding = 4; lastKnownFileType = sourcecode.cpp.cpp; path = CubismOffscreenSurface_OpenGLES2.cpp; sourceTree = "<group>"; };
		959FF4E425FC93F900AB0924 /* CubismRenderer_OpenGLES2.hpp */ = {isa = PBXFileReference; fileEncoding = 4; lastKnownFileType = sourcecode.cpp.h; path = CubismRenderer_OpenGLES2.hpp; sourceTree = "<group>"; };
		959FF4E525FC93F900AB0924 /* CubismModelSettingJson.hpp */ = {isa = PBXFileReference; fileEncoding = 4; lastKnownFileType = sourcecode.cpp.h; name = CubismModelSettingJson.hpp; path = Framework/src/CubismModelSettingJson.hpp; sourceTree = "<group>"; };
		959FF51125FC955A00AB0924 /* GLKit.framework */ = {isa = PBXFileReference; lastKnownFileType = wrapper.framework; name = GLKit.framework; path = System/Library/Frameworks/GLKit.framework; sourceTree = SDKROOT; };
		959FF51425FC956100AB0924 /* OpenGLES.framework */ = {isa = PBXFileReference; lastKnownFileType = wrapper.framework; name = OpenGLES.framework; path = System/Library/Frameworks/OpenGLES.framework; sourceTree = SDKROOT; };
		959FF51C25FCEE7600AB0924 /* Live2DResources */ = {isa = PBXFileReference; lastKnownFileType = folder; path = Live2DResources; sourceTree = "<group>"; };
		959FF52025FCEEA200AB0924 /* UIColor+Live2D.h */ = {isa = PBXFileReference; fileEncoding = 4; lastKnownFileType = sourcecode.c.h; path = "UIColor+Live2D.h"; sourceTree = "<group>"; };
		959FF52125FCEEA200AB0924 /* UIColor+Live2D.m */ = {isa = PBXFileReference; fileEncoding = 4; lastKnownFileType = sourcecode.c.objc; path = "UIColor+Live2D.m"; sourceTree = "<group>"; };
		959FF52425FCEEAE00AB0924 /* KGMetalLive2DView.h */ = {isa = PBXFileReference; fileEncoding = 4; lastKnownFileType = sourcecode.c.h; path = KGMetalLive2DView.h; sourceTree = "<group>"; };
		959FF52525FCEEAE00AB0924 /* KGMetalLive2DView.m */ = {isa = PBXFileReference; fileEncoding = 4; lastKnownFileType = sourcecode.c.objc; path = KGMetalLive2DView.m; sourceTree = "<group>"; };
		959FF52925FCEEB600AB0924 /* mask.metal */ = {isa = PBXFileReference; fileEncoding = 4; lastKnownFileType = sourcecode.metal; path = mask.metal; sourceTree = "<group>"; };
		959FF52A25FCEEB600AB0924 /* basic.metal */ = {isa = PBXFileReference; fileEncoding = 4; lastKnownFileType = sourcecode.metal; path = basic.metal; sourceTree = "<group>"; };
		959FF52B25FCEEB600AB0924 /* L2DBufferIndex.h */ = {isa = PBXFileReference; fileEncoding = 4; lastKnownFileType = sourcecode.c.h; path = L2DBufferIndex.h; sourceTree = "<group>"; };
		959FF52C25FCEEB600AB0924 /* L2DShaderType.h */ = {isa = PBXFileReference; fileEncoding = 4; lastKnownFileType = sourcecode.c.h; path = L2DShaderType.h; sourceTree = "<group>"; };
		959FF52E25FCEEB600AB0924 /* MetalRender.h */ = {isa = PBXFileReference; fileEncoding = 4; lastKnownFileType = sourcecode.c.h; path = MetalRender.h; sourceTree = "<group>"; };
		959FF52F25FCEEB600AB0924 /* L2DUserModel.mm */ = {isa = PBXFileReference; fileEncoding = 4; lastKnownFileType = sourcecode.cpp.objcpp; path = L2DUserModel.mm; sourceTree = "<group>"; };
		959FF53025FCEEB600AB0924 /* L2DModelDefine.h */ = {isa = PBXFileReference; fileEncoding = 4; lastKnownFileType = sourcecode.c.h; path = L2DModelDefine.h; sourceTree = "<group>"; };
		959FF53125FCEEB600AB0924 /* L2DCubism.mm */ = {isa = PBXFileReference; fileEncoding = 4; lastKnownFileType = sourcecode.cpp.objcpp; path = L2DCubism.mm; sourceTree = "<group>"; };
		959FF53225FCEEB600AB0924 /* L2DCubism.h */ = {isa = PBXFileReference; fileEncoding = 4; lastKnownFileType = sourcecode.c.h; path = L2DCubism.h; sourceTree = "<group>"; };
		959FF53325FCEEB600AB0924 /* MetalDrawable.h */ = {isa = PBXFileReference; fileEncoding = 4; lastKnownFileType = sourcecode.c.h; path = MetalDrawable.h; sourceTree = "<group>"; };
		959FF53425FCEEB600AB0924 /* RawArray.h */ = {isa = PBXFileReference; fileEncoding = 4; lastKnownFileType = sourcecode.c.h; path = RawArray.h; sourceTree = "<group>"; };
		959FF53525FCEEB600AB0924 /* L2DModelDefine.mm */ = {isa = PBXFileReference; fileEncoding = 4; lastKnownFileType = sourcecode.cpp.objcpp; path = L2DModelDefine.mm; sourceTree = "<group>"; };
		959FF53625FCEEB600AB0924 /* MetalRender.m */ = {isa = PBXFileReference; fileEncoding = 4; lastKnownFileType = sourcecode.c.objc; path = MetalRender.m; sourceTree = "<group>"; };
		959FF53725FCEEB600AB0924 /* L2DAppDefine.mm */ = {isa = PBXFileReference; fileEncoding = 4; lastKnownFileType = sourcecode.cpp.objcpp; path = L2DAppDefine.mm; sourceTree = "<group>"; };
		959FF53825FCEEB600AB0924 /* L2DUserModel.h */ = {isa = PBXFileReference; fileEncoding = 4; lastKnownFileType = sourcecode.c.h; path = L2DUserModel.h; sourceTree = "<group>"; };
		959FF53925FCEEB600AB0924 /* L2DAppDefine.h */ = {isa = PBXFileReference; fileEncoding = 4; lastKnownFileType = sourcecode.c.h; path = L2DAppDefine.h; sourceTree = "<group>"; };
		959FF53A25FCEEB600AB0924 /* RawArray.m */ = {isa = PBXFileReference; fileEncoding = 4; lastKnownFileType = sourcecode.c.objc; path = RawArray.m; sourceTree = "<group>"; };
		959FF53B25FCEEB600AB0924 /* MetalDrawable.m */ = {isa = PBXFileReference; fileEncoding = 4; lastKnownFileType = sourcecode.c.objc; path = MetalDrawable.m; sourceTree = "<group>"; };
		959FF54725FCEF2B00AB0924 /* SBProductioEmotionExpression.h */ = {isa = PBXFileReference; lastKnownFileType = sourcecode.c.h; path = SBProductioEmotionExpression.h; sourceTree = "<group>"; };
		959FF54825FCEF2B00AB0924 /* SBProductioEmotionExpression.m */ = {isa = PBXFileReference; lastKnownFileType = sourcecode.c.objc; path = SBProductioEmotionExpression.m; sourceTree = "<group>"; };
		95CF11C125FCFD3E0004A988 /* SBL2DHelper.h */ = {isa = PBXFileReference; lastKnownFileType = sourcecode.c.h; path = SBL2DHelper.h; sourceTree = "<group>"; };
		95CF11C225FCFD3E0004A988 /* SBL2DHelper.mm */ = {isa = PBXFileReference; lastKnownFileType = sourcecode.cpp.objcpp; path = SBL2DHelper.mm; sourceTree = "<group>"; };
		ABD79E68F398A48645A3DED9 /* Pods_iOSLive2DDemo.framework */ = {isa = PBXFileReference; explicitFileType = wrapper.framework; includeInIndex = 0; path = Pods_iOSLive2DDemo.framework; sourceTree = BUILT_PRODUCTS_DIR; };
/* End PBXFileReference section */

/* Begin PBXFrameworksBuildPhase section */
		959FF45725FC906300AB0924 /* Frameworks */ = {
			isa = PBXFrameworksBuildPhase;
			buildActionMask = 2147483647;
			files = (
				959FF51225FC955A00AB0924 /* GLKit.framework in Frameworks */,
				959FF51525FC956100AB0924 /* OpenGLES.framework in Frameworks */,
				7A1D277AA1B7DB2B74818742 /* Pods_iOSLive2DDemo.framework in Frameworks */,
			);
			runOnlyForDeploymentPostprocessing = 0;
		};
/* End PBXFrameworksBuildPhase section */

/* Begin PBXGroup section */
		6E225663EBCA4C1B9D91618E /* Pods */ = {
			isa = PBXGroup;
			children = (
				8B723899A5CD03B23368EC0C /* Pods-iOSLive2DDemo.debug.xcconfig */,
				253391198FF3D86B94D1FB6F /* Pods-iOSLive2DDemo.release.xcconfig */,
			);
			path = Pods;
			sourceTree = "<group>";
		};
		959FF45125FC906300AB0924 = {
			isa = PBXGroup;
			children = (
				959FF45C25FC906300AB0924 /* iOSLive2DDemo */,
				959FF45B25FC906300AB0924 /* Products */,
				959FF51025FC955A00AB0924 /* Frameworks */,
				6E225663EBCA4C1B9D91618E /* Pods */,
			);
			sourceTree = "<group>";
		};
		959FF45B25FC906300AB0924 /* Products */ = {
			isa = PBXGroup;
			children = (
				959FF45A25FC906300AB0924 /* iOSLive2DDemo.app */,
			);
			name = Products;
			sourceTree = "<group>";
		};
		959FF45C25FC906300AB0924 /* iOSLive2DDemo */ = {
			isa = PBXGroup;
			children = (
				959FF54625FCEF1E00AB0924 /* Common */,
				959FF51F25FCEEA200AB0924 /* Helper */,
				959FF51C25FCEE7600AB0924 /* Live2DResources */,
				959FF48825FC935200AB0924 /* Live2DSDK */,
				959FF47825FC90C200AB0924 /* Metal */,
				959FF47725FC90B400AB0924 /* OpenGLES */,
				959FF45D25FC906300AB0924 /* AppDelegate.h */,
				959FF45E25FC906300AB0924 /* AppDelegate.m */,
				959FF46925FC906500AB0924 /* Assets.xcassets */,
				959FF46E25FC906500AB0924 /* Info.plist */,
				959FF46B25FC906500AB0924 /* LaunchScreen.storyboard */,
				959FF46F25FC906500AB0924 /* main.m */,
				959FF48025FC919800AB0924 /* MetalLive2DViewController.h */,
				959FF48125FC919800AB0924 /* MetalLive2DViewController.m */,
				959FF47C25FC918100AB0924 /* OpenGLLive2DViewController.h */,
				959FF47D25FC918100AB0924 /* OpenGLLive2DViewController.m */,
				959FF46325FC906300AB0924 /* ViewController.h */,
				959FF46425FC906300AB0924 /* ViewController.m */,
			);
			path = iOSLive2DDemo;
			sourceTree = "<group>";
		};
		959FF47725FC90B400AB0924 /* OpenGLES */ = {
			isa = PBXGroup;
			children = (
			);
			path = OpenGLES;
			sourceTree = "<group>";
		};
		959FF47825FC90C200AB0924 /* Metal */ = {
			isa = PBXGroup;
			children = (
				959FF52D25FCEEB600AB0924 /* Render */,
				959FF52825FCEEB600AB0924 /* Shader */,
				959FF52425FCEEAE00AB0924 /* KGMetalLive2DView.h */,
				959FF52525FCEEAE00AB0924 /* KGMetalLive2DView.m */,
			);
			path = Metal;
			sourceTree = "<group>";
		};
		959FF48825FC935200AB0924 /* Live2DSDK */ = {
			isa = PBXGroup;
			children = (
				959FF48A25FC93F900AB0924 /* Effect */,
				959FF4AE25FC93F900AB0924 /* Id */,
				959FF4C525FC93F900AB0924 /* Math */,
				959FF4B425FC93F900AB0924 /* Model */,
				959FF49D25FC93F900AB0924 /* Motion */,
				959FF4BF25FC93F900AB0924 /* Physics */,
				959FF4DD25FC93F900AB0924 /* Rendering */,
				959FF4D525FC93F900AB0924 /* Type */,
				959FF49425FC93F900AB0924 /* Utils */,
				959FF48925FC93F900AB0924 /* CubismCdiJson.cpp */,
				959FF49C25FC93F900AB0924 /* CubismCdiJson.hpp */,
				959FF49225FC93F900AB0924 /* CubismDefaultParameterId.cpp */,
				959FF49125FC93F900AB0924 /* CubismDefaultParameterId.hpp */,
				959FF49325FC93F900AB0924 /* CubismFramework.cpp */,
				959FF4D425FC93F900AB0924 /* CubismFramework.hpp */,
				959FF4D225FC93F900AB0924 /* CubismFrameworkConfig.hpp */,
				959FF49B25FC93F900AB0924 /* CubismModelSettingJson.cpp */,
				959FF4E525FC93F900AB0924 /* CubismModelSettingJson.hpp */,
				959FF4D325FC93F900AB0924 /* ICubismAllocator.hpp */,
				959FF4AD25FC93F900AB0924 /* ICubismModelSetting.hpp */,
				959FF4B325FC93F900AB0924 /* Live2DCubismCore.hpp */,
			);
			path = Live2DSDK;
			sourceTree = "<group>";
		};
		959FF48A25FC93F900AB0924 /* Effect */ = {
			isa = PBXGroup;
			children = (
				959FF48D25FC93F900AB0924 /* CubismBreath.cpp */,
				959FF48F25FC93F900AB0924 /* CubismBreath.hpp */,
				959FF48C25FC93F900AB0924 /* CubismEyeBlink.cpp */,
				959FF48E25FC93F900AB0924 /* CubismEyeBlink.hpp */,
				959FF48B25FC93F900AB0924 /* CubismPose.cpp */,
				959FF49025FC93F900AB0924 /* CubismPose.hpp */,
			);
			name = Effect;
			path = Framework/src/Effect;
			sourceTree = "<group>";
		};
		959FF49425FC93F900AB0924 /* Utils */ = {
			isa = PBXGroup;
			children = (
				959FF49925FC93F900AB0924 /* CubismDebug.cpp */,
				959FF49725FC93F900AB0924 /* CubismDebug.hpp */,
				959FF49525FC93F900AB0924 /* CubismJson.cpp */,
				959FF49A25FC93F900AB0924 /* CubismJson.hpp */,
				959FF49625FC93F900AB0924 /* CubismString.cpp */,
				959FF49825FC93F900AB0924 /* CubismString.hpp */,
			);
			name = Utils;
			path = Framework/src/Utils;
			sourceTree = "<group>";
		};
		959FF49D25FC93F900AB0924 /* Motion */ = {
			isa = PBXGroup;
			children = (
				959FF4A025FC93F900AB0924 /* ACubismMotion.cpp */,
				959FF4A725FC93F900AB0924 /* ACubismMotion.hpp */,
				959FF4AA25FC93F900AB0924 /* CubismExpressionMotion.cpp */,
				959FF4A325FC93F900AB0924 /* CubismExpressionMotion.hpp */,
				959FF4A125FC93F900AB0924 /* CubismMotion.cpp */,
				959FF4A625FC93F900AB0924 /* CubismMotion.hpp */,
				959FF4A825FC93F900AB0924 /* CubismMotionInternal.hpp */,
				959FF4AB25FC93F900AB0924 /* CubismMotionJson.cpp */,
				959FF4A425FC93F900AB0924 /* CubismMotionJson.hpp */,
				959FF4A225FC93F900AB0924 /* CubismMotionManager.cpp */,
				959FF4A925FC93F900AB0924 /* CubismMotionManager.hpp */,
				959FF4AC25FC93F900AB0924 /* CubismMotionQueueEntry.cpp */,
				959FF49E25FC93F900AB0924 /* CubismMotionQueueEntry.hpp */,
				959FF4A525FC93F900AB0924 /* CubismMotionQueueManager.cpp */,
				959FF49F25FC93F900AB0924 /* CubismMotionQueueManager.hpp */,
			);
			name = Motion;
			path = Framework/src/Motion;
			sourceTree = "<group>";
		};
		959FF4AE25FC93F900AB0924 /* Id */ = {
			isa = PBXGroup;
			children = (
				959FF4B225FC93F900AB0924 /* CubismId.cpp */,
				959FF4B025FC93F900AB0924 /* CubismId.hpp */,
				959FF4B125FC93F900AB0924 /* CubismIdManager.cpp */,
				959FF4AF25FC93F900AB0924 /* CubismIdManager.hpp */,
			);
			name = Id;
			path = Framework/src/Id;
			sourceTree = "<group>";
		};
		959FF4B425FC93F900AB0924 /* Model */ = {
			isa = PBXGroup;
			children = (
				959FF4B825FC93F900AB0924 /* CubismMoc.cpp */,
				959FF4BB25FC93F900AB0924 /* CubismMoc.hpp */,
				959FF4BC25FC93F900AB0924 /* CubismModel.cpp */,
				959FF4B925FC93F900AB0924 /* CubismModel.hpp */,
				959FF4B525FC93F900AB0924 /* CubismModelUserData.cpp */,
				959FF4BD25FC93F900AB0924 /* CubismModelUserData.hpp */,
				959FF4B625FC93F900AB0924 /* CubismModelUserDataJson.cpp */,
				959FF4BE25FC93F900AB0924 /* CubismModelUserDataJson.hpp */,
				959FF4B725FC93F900AB0924 /* CubismUserModel.cpp */,
				959FF4BA25FC93F900AB0924 /* CubismUserModel.hpp */,
			);
			name = Model;
			path = Framework/src/Model;
			sourceTree = "<group>";
		};
		959FF4BF25FC93F900AB0924 /* Physics */ = {
			isa = PBXGroup;
			children = (
				959FF4C425FC93F900AB0924 /* CubismPhysics.cpp */,
				959FF4C025FC93F900AB0924 /* CubismPhysics.hpp */,
				959FF4C125FC93F900AB0924 /* CubismPhysicsInternal.hpp */,
				959FF4C325FC93F900AB0924 /* CubismPhysicsJson.cpp */,
				959FF4C225FC93F900AB0924 /* CubismPhysicsJson.hpp */,
			);
			name = Physics;
			path = Framework/src/Physics;
			sourceTree = "<group>";
		};
		959FF4C525FC93F900AB0924 /* Math */ = {
			isa = PBXGroup;
			children = (
				959FF4CC25FC93F900AB0924 /* CubismMath.cpp */,
				959FF4C825FC93F900AB0924 /* CubismMath.hpp */,
				959FF4CF25FC93F900AB0924 /* CubismMatrix44.cpp */,
				959FF4CB25FC93F900AB0924 /* CubismMatrix44.hpp */,
				959FF4C625FC93F900AB0924 /* CubismModelMatrix.cpp */,
				959FF4D025FC93F900AB0924 /* CubismModelMatrix.hpp */,
				959FF4CA25FC93F900AB0924 /* CubismTargetPoint.cpp */,
				959FF4CD25FC93F900AB0924 /* CubismTargetPoint.hpp */,
				959FF4C925FC93F900AB0924 /* CubismVector2.cpp */,
				959FF4CE25FC93F900AB0924 /* CubismVector2.hpp */,
				959FF4C725FC93F900AB0924 /* CubismViewMatrix.cpp */,
				959FF4D125FC93F900AB0924 /* CubismViewMatrix.hpp */,
			);
			name = Math;
			path = Framework/src/Math;
			sourceTree = "<group>";
		};
		959FF4D525FC93F900AB0924 /* Type */ = {
			isa = PBXGroup;
			children = (
				959FF4DC25FC93F900AB0924 /* csmMap.hpp */,
				959FF4DB25FC93F900AB0924 /* csmRectF.cpp */,
				959FF4D625FC93F900AB0924 /* csmRectF.hpp */,
				959FF4D925FC93F900AB0924 /* csmString.cpp */,
				959FF4D725FC93F900AB0924 /* csmString.hpp */,
				959FF4DA25FC93F900AB0924 /* csmVector.hpp */,
				959FF4D825FC93F900AB0924 /* CubismBasicType.hpp */,
			);
			name = Type;
			path = Framework/src/Type;
			sourceTree = "<group>";
		};
		959FF4DD25FC93F900AB0924 /* Rendering */ = {
			isa = PBXGroup;
			children = (
				959FF4E025FC93F900AB0924 /* OpenGL */,
				959FF4DF25FC93F900AB0924 /* CubismRenderer.cpp */,
				959FF4DE25FC93F900AB0924 /* CubismRenderer.hpp */,
			);
			name = Rendering;
			path = Framework/src/Rendering;
			sourceTree = "<group>";
		};
		959FF4E025FC93F900AB0924 /* OpenGL */ = {
			isa = PBXGroup;
			children = (
				959FF4E325FC93F900AB0924 /* CubismOffscreenSurface_OpenGLES2.cpp */,
				959FF4E125FC93F900AB0924 /* CubismOffscreenSurface_OpenGLES2.hpp */,
				959FF4E225FC93F900AB0924 /* CubismRenderer_OpenGLES2.cpp */,
				959FF4E425FC93F900AB0924 /* CubismRenderer_OpenGLES2.hpp */,
			);
			path = OpenGL;
			sourceTree = "<group>";
		};
		959FF51025FC955A00AB0924 /* Frameworks */ = {
			isa = PBXGroup;
			children = (
				959FF51125FC955A00AB0924 /* GLKit.framework */,
				959FF51425FC956100AB0924 /* OpenGLES.framework */,
				ABD79E68F398A48645A3DED9 /* Pods_iOSLive2DDemo.framework */,
			);
			name = Frameworks;
			sourceTree = "<group>";
		};
		959FF51F25FCEEA200AB0924 /* Helper */ = {
			isa = PBXGroup;
			children = (
				959FF52025FCEEA200AB0924 /* UIColor+Live2D.h */,
				959FF52125FCEEA200AB0924 /* UIColor+Live2D.m */,
			);
			path = Helper;
			sourceTree = "<group>";
		};
		959FF52825FCEEB600AB0924 /* Shader */ = {
			isa = PBXGroup;
			children = (
				959FF52A25FCEEB600AB0924 /* basic.metal */,
				959FF52B25FCEEB600AB0924 /* L2DBufferIndex.h */,
				959FF52C25FCEEB600AB0924 /* L2DShaderType.h */,
				959FF52925FCEEB600AB0924 /* mask.metal */,
			);
			path = Shader;
			sourceTree = "<group>";
		};
		959FF52D25FCEEB600AB0924 /* Render */ = {
			isa = PBXGroup;
			children = (
				959FF53325FCEEB600AB0924 /* MetalDrawable.h */,
				959FF53B25FCEEB600AB0924 /* MetalDrawable.m */,
				959FF52E25FCEEB600AB0924 /* MetalRender.h */,
				959FF53625FCEEB600AB0924 /* MetalRender.m */,
			);
			path = Render;
			sourceTree = "<group>";
		};
		959FF54625FCEF1E00AB0924 /* Common */ = {
			isa = PBXGroup;
			children = (
				959FF53925FCEEB600AB0924 /* L2DAppDefine.h */,
				959FF53725FCEEB600AB0924 /* L2DAppDefine.mm */,
				959FF53225FCEEB600AB0924 /* L2DCubism.h */,
				959FF53125FCEEB600AB0924 /* L2DCubism.mm */,
				959FF53825FCEEB600AB0924 /* L2DUserModel.h */,
				959FF52F25FCEEB600AB0924 /* L2DUserModel.mm */,
				959FF53025FCEEB600AB0924 /* L2DModelDefine.h */,
				959FF53525FCEEB600AB0924 /* L2DModelDefine.mm */,
				959FF53425FCEEB600AB0924 /* RawArray.h */,
				959FF53A25FCEEB600AB0924 /* RawArray.m */,
				959FF54725FCEF2B00AB0924 /* SBProductioEmotionExpression.h */,
				959FF54825FCEF2B00AB0924 /* SBProductioEmotionExpression.m */,
				95CF11C125FCFD3E0004A988 /* SBL2DHelper.h */,
				95CF11C225FCFD3E0004A988 /* SBL2DHelper.mm */,
			);
			path = Common;
			sourceTree = "<group>";
		};
/* End PBXGroup section */

/* Begin PBXNativeTarget section */
		959FF45925FC906300AB0924 /* iOSLive2DDemo */ = {
			isa = PBXNativeTarget;
			buildConfigurationList = 959FF47325FC906500AB0924 /* Build configuration list for PBXNativeTarget "iOSLive2DDemo" */;
			buildPhases = (
				323C307D67D899DC188B5D32 /* [CP] Check Pods Manifest.lock */,
				959FF45625FC906300AB0924 /* Sources */,
				959FF45725FC906300AB0924 /* Frameworks */,
				959FF45825FC906300AB0924 /* Resources */,
				FD228993871AA9BB986458A2 /* [CP] Embed Pods Frameworks */,
			);
			buildRules = (
			);
			dependencies = (
			);
			name = iOSLive2DDemo;
			productName = iOSLive2DDemo;
			productReference = 959FF45A25FC906300AB0924 /* iOSLive2DDemo.app */;
			productType = "com.apple.product-type.application";
		};
/* End PBXNativeTarget section */

/* Begin PBXProject section */
		959FF45225FC906300AB0924 /* Project object */ = {
			isa = PBXProject;
			attributes = {
				LastUpgradeCheck = 1240;
				TargetAttributes = {
					959FF45925FC906300AB0924 = {
						CreatedOnToolsVersion = 12.4;
					};
				};
			};
			buildConfigurationList = 959FF45525FC906300AB0924 /* Build configuration list for PBXProject "iOSLive2DDemo" */;
			compatibilityVersion = "Xcode 9.3";
			developmentRegion = en;
			hasScannedForEncodings = 0;
			knownRegions = (
				en,
				Base,
			);
			mainGroup = 959FF45125FC906300AB0924;
			productRefGroup = 959FF45B25FC906300AB0924 /* Products */;
			projectDirPath = "";
			projectRoot = "";
			targets = (
				959FF45925FC906300AB0924 /* iOSLive2DDemo */,
			);
		};
/* End PBXProject section */

/* Begin PBXResourcesBuildPhase section */
		959FF45825FC906300AB0924 /* Resources */ = {
			isa = PBXResourcesBuildPhase;
			buildActionMask = 2147483647;
			files = (
				959FF46A25FC906500AB0924 /* Assets.xcassets in Resources */,
				959FF46D25FC906500AB0924 /* LaunchScreen.storyboard in Resources */,
				959FF51D25FCEE7600AB0924 /* Live2DResources in Resources */,
			);
			runOnlyForDeploymentPostprocessing = 0;
		};
/* End PBXResourcesBuildPhase section */

/* Begin PBXShellScriptBuildPhase section */
		323C307D67D899DC188B5D32 /* [CP] Check Pods Manifest.lock */ = {
			isa = PBXShellScriptBuildPhase;
			buildActionMask = 2147483647;
			files = (
			);
			inputFileListPaths = (
			);
			inputPaths = (
				"${PODS_PODFILE_DIR_PATH}/Podfile.lock",
				"${PODS_ROOT}/Manifest.lock",
			);
			name = "[CP] Check Pods Manifest.lock";
			outputFileListPaths = (
			);
			outputPaths = (
				"$(DERIVED_FILE_DIR)/Pods-iOSLive2DDemo-checkManifestLockResult.txt",
			);
			runOnlyForDeploymentPostprocessing = 0;
			shellPath = /bin/sh;
			shellScript = "diff \"${PODS_PODFILE_DIR_PATH}/Podfile.lock\" \"${PODS_ROOT}/Manifest.lock\" > /dev/null\nif [ $? != 0 ] ; then\n    # print error to STDERR\n    echo \"error: The sandbox is not in sync with the Podfile.lock. Run 'pod install' or update your CocoaPods installation.\" >&2\n    exit 1\nfi\n# This output is used by Xcode 'outputs' to avoid re-running this script phase.\necho \"SUCCESS\" > \"${SCRIPT_OUTPUT_FILE_0}\"\n";
			showEnvVarsInLog = 0;
		};
		FD228993871AA9BB986458A2 /* [CP] Embed Pods Frameworks */ = {
			isa = PBXShellScriptBuildPhase;
			buildActionMask = 2147483647;
			files = (
			);
			inputFileListPaths = (
				"${PODS_ROOT}/Target Support Files/Pods-iOSLive2DDemo/Pods-iOSLive2DDemo-frameworks-${CONFIGURATION}-input-files.xcfilelist",
			);
			name = "[CP] Embed Pods Frameworks";
			outputFileListPaths = (
				"${PODS_ROOT}/Target Support Files/Pods-iOSLive2DDemo/Pods-iOSLive2DDemo-frameworks-${CONFIGURATION}-output-files.xcfilelist",
			);
			runOnlyForDeploymentPostprocessing = 0;
			shellPath = /bin/sh;
			shellScript = "\"${PODS_ROOT}/Target Support Files/Pods-iOSLive2DDemo/Pods-iOSLive2DDemo-frameworks.sh\"\n";
			showEnvVarsInLog = 0;
		};
/* End PBXShellScriptBuildPhase section */

/* Begin PBXSourcesBuildPhase section */
		959FF45625FC906300AB0924 /* Sources */ = {
			isa = PBXSourcesBuildPhase;
			buildActionMask = 2147483647;
			files = (
				959FF4F025FC93F900AB0924 /* ACubismMotion.cpp in Sources */,
				959FF45F25FC906300AB0924 /* AppDelegate.m in Sources */,
				959FF53D25FCEEB600AB0924 /* basic.metal in Sources */,
				959FF50725FC93F900AB0924 /* csmRectF.cpp in Sources */,
				959FF50625FC93F900AB0924 /* csmString.cpp in Sources */,
				959FF4E925FC93F900AB0924 /* CubismBreath.cpp in Sources */,
				959FF4E625FC93F900AB0924 /* CubismCdiJson.cpp in Sources */,
				959FF4EE25FC93F900AB0924 /* CubismDebug.cpp in Sources */,
				959FF4EA25FC93F900AB0924 /* CubismDefaultParameterId.cpp in Sources */,
				959FF4F425FC93F900AB0924 /* CubismExpressionMotion.cpp in Sources */,
				959FF4E825FC93F900AB0924 /* CubismEyeBlink.cpp in Sources */,
				959FF4EB25FC93F900AB0924 /* CubismFramework.cpp in Sources */,
				959FF4F825FC93F900AB0924 /* CubismId.cpp in Sources */,
				959FF4F725FC93F900AB0924 /* CubismIdManager.cpp in Sources */,
				959FF4EC25FC93F900AB0924 /* CubismJson.cpp in Sources */,
				959FF50425FC93F900AB0924 /* CubismMath.cpp in Sources */,
				959FF50525FC93F900AB0924 /* CubismMatrix44.cpp in Sources */,
				959FF4FC25FC93F900AB0924 /* CubismMoc.cpp in Sources */,
				959FF4FD25FC93F900AB0924 /* CubismModel.cpp in Sources */,
				959FF50025FC93F900AB0924 /* CubismModelMatrix.cpp in Sources */,
				959FF4EF25FC93F900AB0924 /* CubismModelSettingJson.cpp in Sources */,
				959FF4F925FC93F900AB0924 /* CubismModelUserData.cpp in Sources */,
				959FF4FA25FC93F900AB0924 /* CubismModelUserDataJson.cpp in Sources */,
				959FF4F125FC93F900AB0924 /* CubismMotion.cpp in Sources */,
				959FF4F525FC93F900AB0924 /* CubismMotionJson.cpp in Sources */,
				959FF4F225FC93F900AB0924 /* CubismMotionManager.cpp in Sources */,
				959FF4F625FC93F900AB0924 /* CubismMotionQueueEntry.cpp in Sources */,
				959FF4F325FC93F900AB0924 /* CubismMotionQueueManager.cpp in Sources */,
				959FF50A25FC93F900AB0924 /* CubismOffscreenSurface_OpenGLES2.cpp in Sources */,
				959FF4FF25FC93F900AB0924 /* CubismPhysics.cpp in Sources */,
				959FF4FE25FC93F900AB0924 /* CubismPhysicsJson.cpp in Sources */,
				959FF4E725FC93F900AB0924 /* CubismPose.cpp in Sources */,
				959FF50825FC93F900AB0924 /* CubismRenderer.cpp in Sources */,
				959FF50925FC93F900AB0924 /* CubismRenderer_OpenGLES2.cpp in Sources */,
				959FF4ED25FC93F900AB0924 /* CubismString.cpp in Sources */,
				959FF50325FC93F900AB0924 /* CubismTargetPoint.cpp in Sources */,
				959FF4FB25FC93F900AB0924 /* CubismUserModel.cpp in Sources */,
				959FF50225FC93F900AB0924 /* CubismVector2.cpp in Sources */,
				959FF50125FC93F900AB0924 /* CubismViewMatrix.cpp in Sources */,
				959FF52625FCEEAE00AB0924 /* KGMetalLive2DView.m in Sources */,
				959FF54225FCEEB600AB0924 /* L2DAppDefine.mm in Sources */,
				959FF53F25FCEEB600AB0924 /* L2DCubism.mm in Sources */,
				959FF53E25FCEEB600AB0924 /* L2DUserModel.mm in Sources */,
				959FF54025FCEEB600AB0924 /* L2DModelDefine.mm in Sources */,
				959FF47025FC906500AB0924 /* main.m in Sources */,
				959FF53C25FCEEB600AB0924 /* mask.metal in Sources */,
				959FF54425FCEEB700AB0924 /* MetalDrawable.m in Sources */,
				959FF48225FC919800AB0924 /* MetalLive2DViewController.m in Sources */,
				959FF54125FCEEB600AB0924 /* MetalRender.m in Sources */,
				959FF47E25FC918100AB0924 /* OpenGLLive2DViewController.m in Sources */,
				95CF11C325FCFD3E0004A988 /* SBL2DHelper.mm in Sources */,
				959FF54325FCEEB700AB0924 /* RawArray.m in Sources */,
				959FF54925FCEF2B00AB0924 /* SBProductioEmotionExpression.m in Sources */,
				959FF52225FCEEA200AB0924 /* UIColor+Live2D.m in Sources */,
				959FF46525FC906300AB0924 /* ViewController.m in Sources */,
			);
			runOnlyForDeploymentPostprocessing = 0;
		};
/* End PBXSourcesBuildPhase section */

/* Begin PBXVariantGroup section */
		959FF46B25FC906500AB0924 /* LaunchScreen.storyboard */ = {
			isa = PBXVariantGroup;
			children = (
				959FF46C25FC906500AB0924 /* Base */,
			);
			name = LaunchScreen.storyboard;
			sourceTree = "<group>";
		};
/* End PBXVariantGroup section */

/* Begin XCBuildConfiguration section */
		959FF47125FC906500AB0924 /* Debug */ = {
			isa = XCBuildConfiguration;
			buildSettings = {
				ALWAYS_SEARCH_USER_PATHS = NO;
				CLANG_ANALYZER_NONNULL = YES;
				CLANG_ANALYZER_NUMBER_OBJECT_CONVERSION = YES_AGGRESSIVE;
				CLANG_CXX_LANGUAGE_STANDARD = "gnu++14";
				CLANG_CXX_LIBRARY = "libc++";
				CLANG_ENABLE_MODULES = YES;
				CLANG_ENABLE_OBJC_ARC = YES;
				CLANG_ENABLE_OBJC_WEAK = YES;
				CLANG_WARN_BLOCK_CAPTURE_AUTORELEASING = YES;
				CLANG_WARN_BOOL_CONVERSION = YES;
				CLANG_WARN_COMMA = YES;
				CLANG_WARN_CONSTANT_CONVERSION = YES;
				CLANG_WARN_DEPRECATED_OBJC_IMPLEMENTATIONS = YES;
				CLANG_WARN_DIRECT_OBJC_ISA_USAGE = YES_ERROR;
				CLANG_WARN_DOCUMENTATION_COMMENTS = YES;
				CLANG_WARN_EMPTY_BODY = YES;
				CLANG_WARN_ENUM_CONVERSION = YES;
				CLANG_WARN_INFINITE_RECURSION = YES;
				CLANG_WARN_INT_CONVERSION = YES;
				CLANG_WARN_NON_LITERAL_NULL_CONVERSION = YES;
				CLANG_WARN_OBJC_IMPLICIT_RETAIN_SELF = YES;
				CLANG_WARN_OBJC_LITERAL_CONVERSION = YES;
				CLANG_WARN_OBJC_ROOT_CLASS = YES_ERROR;
				CLANG_WARN_QUOTED_INCLUDE_IN_FRAMEWORK_HEADER = YES;
				CLANG_WARN_RANGE_LOOP_ANALYSIS = YES;
				CLANG_WARN_STRICT_PROTOTYPES = YES;
				CLANG_WARN_SUSPICIOUS_MOVE = YES;
				CLANG_WARN_UNGUARDED_AVAILABILITY = YES_AGGRESSIVE;
				CLANG_WARN_UNREACHABLE_CODE = YES;
				CLANG_WARN__DUPLICATE_METHOD_MATCH = YES;
				COPY_PHASE_STRIP = NO;
				DEBUG_INFORMATION_FORMAT = dwarf;
				ENABLE_STRICT_OBJC_MSGSEND = YES;
				ENABLE_TESTABILITY = YES;
				GCC_C_LANGUAGE_STANDARD = gnu11;
				GCC_DYNAMIC_NO_PIC = NO;
				GCC_NO_COMMON_BLOCKS = YES;
				GCC_OPTIMIZATION_LEVEL = 0;
				GCC_PREPROCESSOR_DEFINITIONS = (
					"DEBUG=1",
					"$(inherited)",
				);
				GCC_WARN_64_TO_32_BIT_CONVERSION = YES;
				GCC_WARN_ABOUT_RETURN_TYPE = YES_ERROR;
				GCC_WARN_UNDECLARED_SELECTOR = YES;
				GCC_WARN_UNINITIALIZED_AUTOS = YES_AGGRESSIVE;
				GCC_WARN_UNUSED_FUNCTION = YES;
				GCC_WARN_UNUSED_VARIABLE = YES;
				IPHONEOS_DEPLOYMENT_TARGET = 14.4;
				MTL_ENABLE_DEBUG_INFO = INCLUDE_SOURCE;
				MTL_FAST_MATH = YES;
				ONLY_ACTIVE_ARCH = YES;
				SDKROOT = iphoneos;
			};
			name = Debug;
		};
		959FF47225FC906500AB0924 /* Release */ = {
			isa = XCBuildConfiguration;
			buildSettings = {
				ALWAYS_SEARCH_USER_PATHS = NO;
				CLANG_ANALYZER_NONNULL = YES;
				CLANG_ANALYZER_NUMBER_OBJECT_CONVERSION = YES_AGGRESSIVE;
				CLANG_CXX_LANGUAGE_STANDARD = "gnu++14";
				CLANG_CXX_LIBRARY = "libc++";
				CLANG_ENABLE_MODULES = YES;
				CLANG_ENABLE_OBJC_ARC = YES;
				CLANG_ENABLE_OBJC_WEAK = YES;
				CLANG_WARN_BLOCK_CAPTURE_AUTORELEASING = YES;
				CLANG_WARN_BOOL_CONVERSION = YES;
				CLANG_WARN_COMMA = YES;
				CLANG_WARN_CONSTANT_CONVERSION = YES;
				CLANG_WARN_DEPRECATED_OBJC_IMPLEMENTATIONS = YES;
				CLANG_WARN_DIRECT_OBJC_ISA_USAGE = YES_ERROR;
				CLANG_WARN_DOCUMENTATION_COMMENTS = YES;
				CLANG_WARN_EMPTY_BODY = YES;
				CLANG_WARN_ENUM_CONVERSION = YES;
				CLANG_WARN_INFINITE_RECURSION = YES;
				CLANG_WARN_INT_CONVERSION = YES;
				CLANG_WARN_NON_LITERAL_NULL_CONVERSION = YES;
				CLANG_WARN_OBJC_IMPLICIT_RETAIN_SELF = YES;
				CLANG_WARN_OBJC_LITERAL_CONVERSION = YES;
				CLANG_WARN_OBJC_ROOT_CLASS = YES_ERROR;
				CLANG_WARN_QUOTED_INCLUDE_IN_FRAMEWORK_HEADER = YES;
				CLANG_WARN_RANGE_LOOP_ANALYSIS = YES;
				CLANG_WARN_STRICT_PROTOTYPES = YES;
				CLANG_WARN_SUSPICIOUS_MOVE = YES;
				CLANG_WARN_UNGUARDED_AVAILABILITY = YES_AGGRESSIVE;
				CLANG_WARN_UNREACHABLE_CODE = YES;
				CLANG_WARN__DUPLICATE_METHOD_MATCH = YES;
				COPY_PHASE_STRIP = NO;
				DEBUG_INFORMATION_FORMAT = "dwarf-with-dsym";
				ENABLE_NS_ASSERTIONS = NO;
				ENABLE_STRICT_OBJC_MSGSEND = YES;
				GCC_C_LANGUAGE_STANDARD = gnu11;
				GCC_NO_COMMON_BLOCKS = YES;
				GCC_WARN_64_TO_32_BIT_CONVERSION = YES;
				GCC_WARN_ABOUT_RETURN_TYPE = YES_ERROR;
				GCC_WARN_UNDECLARED_SELECTOR = YES;
				GCC_WARN_UNINITIALIZED_AUTOS = YES_AGGRESSIVE;
				GCC_WARN_UNUSED_FUNCTION = YES;
				GCC_WARN_UNUSED_VARIABLE = YES;
				IPHONEOS_DEPLOYMENT_TARGET = 14.4;
				MTL_ENABLE_DEBUG_INFO = NO;
				MTL_FAST_MATH = YES;
				SDKROOT = iphoneos;
				VALIDATE_PRODUCT = YES;
			};
			name = Release;
		};
		959FF47425FC906500AB0924 /* Debug */ = {
			isa = XCBuildConfiguration;
			baseConfigurationReference = 8B723899A5CD03B23368EC0C /* Pods-iOSLive2DDemo.debug.xcconfig */;
			buildSettings = {
				ASSETCATALOG_COMPILER_APPICON_NAME = AppIcon;
				ASSETCATALOG_COMPILER_GLOBAL_ACCENT_COLOR_NAME = AccentColor;
				CODE_SIGN_STYLE = Automatic;
				DEVELOPMENT_TEAM = AUM2E6FK73;
				HEADER_SEARCH_PATHS = (
					"\"${SRCROOT}/iOSLive2DDemo/Live2DSDK/Core/include\"",
					"\"${SRCROOT}/iOSLive2DDemo/Live2DSDK/Framework/src\"",
					"$(inherited)",
				);
				INFOPLIST_FILE = iOSLive2DDemo/Info.plist;
				IPHONEOS_DEPLOYMENT_TARGET = 10.0;
				LD_RUNPATH_SEARCH_PATHS = (
					"$(inherited)",
					"@executable_path/Frameworks",
				);
				LIBRARY_SEARCH_PATHS = (
					"\"${SRCROOT}/iOSLive2DDemo/Live2DSDK/Core/lib/ios/$(CONFIGURATION)-$(PLATFORM_NAME)\"",
					"$(inherited)",
				);
				MTL_LANGUAGE_REVISION = Metal12;
				OTHER_CFLAGS = (
					"-DCSM_TARGET_IPHONE_ES2",
					"$(inherited)",
				);
				OTHER_LDFLAGS = "-lLive2DCubismCore";
				PRODUCT_BUNDLE_IDENTIFIER = cn.vanjay.iOSLive2DDemo;
				PRODUCT_NAME = "$(TARGET_NAME)";
				TARGETED_DEVICE_FAMILY = "1,2";
			};
			name = Debug;
		};
		959FF47525FC906500AB0924 /* Release */ = {
			isa = XCBuildConfiguration;
			baseConfigurationReference = 253391198FF3D86B94D1FB6F /* Pods-iOSLive2DDemo.release.xcconfig */;
			buildSettings = {
				ASSETCATALOG_COMPILER_APPICON_NAME = AppIcon;
				ASSETCATALOG_COMPILER_GLOBAL_ACCENT_COLOR_NAME = AccentColor;
				CODE_SIGN_STYLE = Automatic;
				DEVELOPMENT_TEAM = AUM2E6FK73;
				HEADER_SEARCH_PATHS = (
					"\"${SRCROOT}/iOSLive2DDemo/Live2DSDK/Core/include\"",
					"\"${SRCROOT}/iOSLive2DDemo/Live2DSDK/Framework/src\"",
					"$(inherited)",
				);
				INFOPLIST_FILE = iOSLive2DDemo/Info.plist;
				IPHONEOS_DEPLOYMENT_TARGET = 10.0;
				LD_RUNPATH_SEARCH_PATHS = (
					"$(inherited)",
					"@executable_path/Frameworks",
				);
				LIBRARY_SEARCH_PATHS = (
					"\"${SRCROOT}/iOSLive2DDemo/Live2DSDK/Core/lib/ios/$(CONFIGURATION)-$(PLATFORM_NAME)\"",
					"$(inherited)",
				);
				MTL_LANGUAGE_REVISION = Metal12;
				OTHER_CFLAGS = (
					"-DCSM_TARGET_IPHONE_ES2",
					"$(inherited)",
				);
				OTHER_LDFLAGS = "-lLive2DCubismCore";
				PRODUCT_BUNDLE_IDENTIFIER = cn.vanjay.iOSLive2DDemo;
				PRODUCT_NAME = "$(TARGET_NAME)";
				TARGETED_DEVICE_FAMILY = "1,2";
			};
			name = Release;
		};
/* End XCBuildConfiguration section */

/* Begin XCConfigurationList section */
		959FF45525FC906300AB0924 /* Build configuration list for PBXProject "iOSLive2DDemo" */ = {
			isa = XCConfigurationList;
			buildConfigurations = (
				959FF47125FC906500AB0924 /* Debug */,
				959FF47225FC906500AB0924 /* Release */,
			);
			defaultConfigurationIsVisible = 0;
			defaultConfigurationName = Release;
		};
		959FF47325FC906500AB0924 /* Build configuration list for PBXNativeTarget "iOSLive2DDemo" */ = {
			isa = XCConfigurationList;
			buildConfigurations = (
				959FF47425FC906500AB0924 /* Debug */,
				959FF47525FC906500AB0924 /* Release */,
			);
			defaultConfigurationIsVisible = 0;
			defaultConfigurationName = Release;
		};
/* End XCConfigurationList section */
	};
	rootObject = 959FF45225FC906300AB0924 /* Project object */;
}
